# THIS IS AN AUTOGENERATED FILE. DO NOT EDIT THIS FILE DIRECTLY.
# yarn lockfile v1


"@4lch4/koa-oto@1.3.0", "@4lch4/koa-oto@^1.3.0":
  version "1.3.0"
  resolved "https://artifactory-prd.jbhunt.com:8081/artifactory/api/npm/npm-repos/@4lch4/koa-oto/-/koa-oto-1.3.0.tgz#a25b8d390d579c92e0a6a2efa791217e74f3c156"
  integrity sha1-oluNOQ1XnJLgpqLvp5EhfnTzwVY=
  dependencies:
    koa "^2.13.1"

"@4lch4/koa-router-printer@^1.4.2":
  version "1.4.2"
  resolved "https://artifactory-prd.jbhunt.com:8081/artifactory/api/npm/npm-repos/@4lch4/koa-router-printer/-/koa-router-printer-1.4.2.tgz#4bc34d2c9cd580f550004c4ce37cc0b6a20ff417"
  integrity sha1-S8NNLJzVgPVQAExM43zAtqIP9Bc=
  dependencies:
    "@4lch4/koa-oto" "1.3.0"
    "@koa/router" "^10.1.1"
    chalk "^4.1.2"
    cli-table3 "^0.6.0"
    koa "^2.13.3"

"@4lch4/logger@^1.7.4":
  version "1.7.4"
  resolved "https://artifactory-prd.jbhunt.com:8081/artifactory/api/npm/npm-repos/@4lch4/logger/-/logger-1.7.4.tgz#7455223a56dcf0e42cb41b5b60cf048829325543"
  integrity sha1-dFUiOlbc8OQstBtbYM8EiCkyVUM=
  dependencies:
    chalk "^4.1.2"
    dayjs "^1.10.7"
    fs-extra "^10.0.0"

"@cspotcode/source-map-consumer@0.8.0":
  version "0.8.0"
  resolved "https://artifactory-prd.jbhunt.com:8081/artifactory/api/npm/npm-repos/@cspotcode/source-map-consumer/-/source-map-consumer-0.8.0.tgz#33bf4b7b39c178821606f669bbc447a6a629786b"
  integrity sha1-M79LeznBeIIWBvZpu8RHpqYpeGs=

"@cspotcode/source-map-support@0.7.0":
  version "0.7.0"
  resolved "https://artifactory-prd.jbhunt.com:8081/artifactory/api/npm/npm-repos/@cspotcode/source-map-support/-/source-map-support-0.7.0.tgz#4789840aa859e46d2f3173727ab707c66bf344f5"
  integrity sha1-R4mECqhZ5G0vMXNyercHxmvzRPU=
  dependencies:
    "@cspotcode/source-map-consumer" "0.8.0"

"@koa/router@^10.1.1":
  version "10.1.1"
  resolved "https://artifactory-prd.jbhunt.com:8081/artifactory/api/npm/npm-repos/@koa/router/-/router-10.1.1.tgz#8e5a85c9b243e0bc776802c0de564561e57a5f78"
  integrity sha1-jlqFybJD4Lx3aALA3lZFYeV6X3g=
  dependencies:
    debug "^4.1.1"
    http-errors "^1.7.3"
    koa-compose "^4.1.0"
    methods "^1.1.2"
    path-to-regexp "^6.1.0"

"@tsconfig/node10@^1.0.7":
  version "1.0.8"
  resolved "https://artifactory-prd.jbhunt.com:8081/artifactory/api/npm/npm-repos/@tsconfig/node10/-/node10-1.0.8.tgz#c1e4e80d6f964fbecb3359c43bd48b40f7cadad9"
  integrity sha1-weToDW+WT77LM1nEO9SLQPfK2tk=

"@tsconfig/node12@^1.0.7":
  version "1.0.9"
  resolved "https://artifactory-prd.jbhunt.com:8081/artifactory/api/npm/npm-repos/@tsconfig/node12/-/node12-1.0.9.tgz#62c1f6dee2ebd9aead80dc3afa56810e58e1a04c"
  integrity sha1-YsH23uLr2a6tgNw6+laBDljhoEw=

"@tsconfig/node14@^1.0.0":
  version "1.0.1"
  resolved "https://artifactory-prd.jbhunt.com:8081/artifactory/api/npm/npm-repos/@tsconfig/node14/-/node14-1.0.1.tgz#95f2d167ffb9b8d2068b0b235302fafd4df711f2"
  integrity sha1-lfLRZ/+5uNIGiwsjUwL6/U33EfI=

"@tsconfig/node16@^1.0.2":
  version "1.0.2"
  resolved "https://artifactory-prd.jbhunt.com:8081/artifactory/api/npm/npm-repos/@tsconfig/node16/-/node16-1.0.2.tgz#423c77877d0569db20e1fc80885ac4118314010e"
  integrity sha1-Qjx3h30Fadsg4fyAiFrEEYMUAQ4=

"@types/accepts@*":
  version "1.3.5"
  resolved "https://artifactory-prd.jbhunt.com:8081/artifactory/api/npm/npm-repos/@types/accepts/-/accepts-1.3.5.tgz#c34bec115cfc746e04fe5a059df4ce7e7b391575"
  integrity sha1-w0vsEVz8dG4E/loFnfTOfns5FXU=
  dependencies:
    "@types/node" "*"

"@types/body-parser@*":
  version "1.19.2"
  resolved "https://artifactory-prd.jbhunt.com:8081/artifactory/api/npm/npm-repos/@types/body-parser/-/body-parser-1.19.2.tgz#aea2059e28b7658639081347ac4fab3de166e6f0"
  integrity sha1-rqIFnii3ZYY5CBNHrE+rPeFm5vA=
  dependencies:
    "@types/connect" "*"
    "@types/node" "*"

"@types/bunyan@*":
  version "1.8.8"
  resolved "https://artifactory-prd.jbhunt.com:8081/artifactory/api/npm/npm-repos/@types/bunyan/-/bunyan-1.8.8.tgz#8d6d33f090f37c07e2a80af30ae728450a101008"
  integrity sha1-jW0z8JDzfAfiqArzCucoRQoQEAg=
  dependencies:
    "@types/node" "*"

"@types/connect@*":
  version "3.4.35"
  resolved "https://artifactory-prd.jbhunt.com:8081/artifactory/api/npm/npm-repos/@types/connect/-/connect-3.4.35.tgz#5fcf6ae445e4021d1fc2219a4873cc73a3bb2ad1"
  integrity sha1-X89q5EXkAh0fwiGaSHPMc6O7KtE=
  dependencies:
    "@types/node" "*"

"@types/content-disposition@*":
  version "0.5.4"
  resolved "https://artifactory-prd.jbhunt.com:8081/artifactory/api/npm/npm-repos/@types/content-disposition/-/content-disposition-0.5.4.tgz#de48cf01c79c9f1560bcfd8ae43217ab028657f8"
  integrity sha1-3kjPAcecnxVgvP2K5DIXqwKGV/g=

"@types/cookies@*":
  version "0.7.7"
  resolved "https://artifactory-prd.jbhunt.com:8081/artifactory/api/npm/npm-repos/@types/cookies/-/cookies-0.7.7.tgz#7a92453d1d16389c05a5301eef566f34946cfd81"
  integrity sha1-epJFPR0WOJwFpTAe71ZvNJRs/YE=
  dependencies:
    "@types/connect" "*"
    "@types/express" "*"
    "@types/keygrip" "*"
    "@types/node" "*"

"@types/express-serve-static-core@^4.17.18":
  version "4.17.27"
  resolved "https://artifactory-prd.jbhunt.com:8081/artifactory/api/npm/npm-repos/@types/express-serve-static-core/-/express-serve-static-core-4.17.27.tgz#7a776191e47295d2a05962ecbb3a4ce97e38b401"
  integrity sha1-endhkeRyldKgWWLsuzpM6X44tAE=
  dependencies:
    "@types/node" "*"
    "@types/qs" "*"
    "@types/range-parser" "*"

"@types/express@*":
  version "4.17.13"
  resolved "https://artifactory-prd.jbhunt.com:8081/artifactory/api/npm/npm-repos/@types/express/-/express-4.17.13.tgz#a76e2995728999bab51a33fabce1d705a3709034"
  integrity sha1-p24plXKJmbq1GjP6vOHXBaNwkDQ=
  dependencies:
    "@types/body-parser" "*"
    "@types/express-serve-static-core" "^4.17.18"
    "@types/qs" "*"
    "@types/serve-static" "*"

"@types/formidable@^1.0.31":
  version "1.2.5"
  resolved "https://artifactory-prd.jbhunt.com:8081/artifactory/api/npm/npm-repos/@types/formidable/-/formidable-1.2.5.tgz#561d026e5f09179e5c8ef7b31e8f4652e11abe4c"
  integrity sha1-Vh0Cbl8JF55cjvezHo9GUuEavkw=
  dependencies:
    "@types/node" "*"

"@types/http-assert@*":
  version "1.5.3"
  resolved "https://artifactory-prd.jbhunt.com:8081/artifactory/api/npm/npm-repos/@types/http-assert/-/http-assert-1.5.3.tgz#ef8e3d1a8d46c387f04ab0f2e8ab8cb0c5078661"
  integrity sha1-7449Go1Gw4fwSrDy6KuMsMUHhmE=

"@types/http-errors@*":
  version "1.8.1"
  resolved "https://artifactory-prd.jbhunt.com:8081/artifactory/api/npm/npm-repos/@types/http-errors/-/http-errors-1.8.1.tgz#e81ad28a60bee0328c6d2384e029aec626f1ae67"
  integrity sha1-6BrSimC+4DKMbSOE4Cmuxibxrmc=

"@types/keygrip@*":
  version "1.0.2"
  resolved "https://artifactory-prd.jbhunt.com:8081/artifactory/api/npm/npm-repos/@types/keygrip/-/keygrip-1.0.2.tgz#513abfd256d7ad0bf1ee1873606317b33b1b2a72"
  integrity sha1-UTq/0lbXrQvx7hhzYGMXszsbKnI=

"@types/koa-bunyan-logger@^2.1.4":
  version "2.1.4"
  resolved "https://artifactory-prd.jbhunt.com:8081/artifactory/api/npm/npm-repos/@types/koa-bunyan-logger/-/koa-bunyan-logger-2.1.4.tgz#f1c25dbec74c3eaeeb87b9c8241f847d59631c87"
  integrity sha1-8cJdvsdMPq7rh7nIJB+EfVljHIc=
  dependencies:
    "@types/bunyan" "*"
    "@types/koa" "*"

"@types/koa-compose@*":
  version "3.2.5"
  resolved "https://artifactory-prd.jbhunt.com:8081/artifactory/api/npm/npm-repos/@types/koa-compose/-/koa-compose-3.2.5.tgz#85eb2e80ac50be95f37ccf8c407c09bbe3468e9d"
  integrity sha1-hesugKxQvpXzfM+MQHwJu+NGjp0=
  dependencies:
    "@types/koa" "*"

"@types/koa@*", "@types/koa@^2.13.4":
  version "2.13.4"
  resolved "https://artifactory-prd.jbhunt.com:8081/artifactory/api/npm/npm-repos/@types/koa/-/koa-2.13.4.tgz#10620b3f24a8027ef5cbae88b393d1b31205726b"
  integrity sha1-EGILPySoAn71y66Is5PRsxIFcms=
  dependencies:
    "@types/accepts" "*"
    "@types/content-disposition" "*"
    "@types/cookies" "*"
    "@types/http-assert" "*"
    "@types/http-errors" "*"
    "@types/keygrip" "*"
    "@types/koa-compose" "*"
    "@types/node" "*"

"@types/koa__router@^8.0.11":
  version "8.0.11"
  resolved "https://artifactory-prd.jbhunt.com:8081/artifactory/api/npm/npm-repos/@types/koa__router/-/koa__router-8.0.11.tgz#d7b37e6db934fc072ea1baa2ab92bc8ac4564f3e"
  integrity sha1-17N+bbk0/Acuobqiq5K8isRWTz4=
  dependencies:
    "@types/koa" "*"

"@types/mime@^1":
  version "1.3.2"
  resolved "https://artifactory-prd.jbhunt.com:8081/artifactory/api/npm/npm-repos/@types/mime/-/mime-1.3.2.tgz#93e25bf9ee75fe0fd80b594bc4feb0e862111b5a"
  integrity sha1-k+Jb+e51/g/YC1lLxP6w6GIRG1o=

"@types/node@*", "@types/node@^17.0.5":
  version "17.0.5"
  resolved "https://artifactory-prd.jbhunt.com:8081/artifactory/api/npm/npm-repos/@types/node/-/node-17.0.5.tgz#57ca67ec4e57ad9e4ef5a6bab48a15387a1c83e0"
  integrity sha1-V8pn7E5XrZ5O9aa6tIoVOHocg+A=

"@types/qs@*":
  version "6.9.7"
  resolved "https://artifactory-prd.jbhunt.com:8081/artifactory/api/npm/npm-repos/@types/qs/-/qs-6.9.7.tgz#63bb7d067db107cc1e457c303bc25d511febf6cb"
  integrity sha1-Y7t9Bn2xB8weRXwwO8JdUR/r9ss=

"@types/range-parser@*":
  version "1.2.4"
  resolved "https://artifactory-prd.jbhunt.com:8081/artifactory/api/npm/npm-repos/@types/range-parser/-/range-parser-1.2.4.tgz#cd667bcfdd025213aafb7ca5915a932590acdcdc"
  integrity sha1-zWZ7z90CUhOq+3ylkVqTJZCs3Nw=

"@types/serve-static@*":
  version "1.13.10"
  resolved "https://artifactory-prd.jbhunt.com:8081/artifactory/api/npm/npm-repos/@types/serve-static/-/serve-static-1.13.10.tgz#f5e0ce8797d2d7cc5ebeda48a52c96c4fa47a8d9"
  integrity sha1-9eDOh5fS18xevtpIpSyWxPpHqNk=
  dependencies:
    "@types/mime" "^1"
    "@types/node" "*"

"@types/webidl-conversions@*":
  version "6.1.1"
  resolved "https://artifactory-prd.jbhunt.com:8081/artifactory/api/npm/npm-repos/@types/webidl-conversions/-/webidl-conversions-6.1.1.tgz#e33bc8ea812a01f63f90481c666334844b12a09e"
  integrity sha1-4zvI6oEqAfY/kEgcZmM0hEsSoJ4=

"@types/whatwg-url@^8.2.1":
  version "8.2.1"
  resolved "https://artifactory-prd.jbhunt.com:8081/artifactory/api/npm/npm-repos/@types/whatwg-url/-/whatwg-url-8.2.1.tgz#f1aac222dab7c59e011663a0cb0a3117b2ef05d4"
  integrity sha1-8arCItq3xZ4BFmOgywoxF7LvBdQ=
  dependencies:
    "@types/node" "*"
    "@types/webidl-conversions" "*"

accepts@^1.3.5:
  version "1.3.7"
  resolved "https://artifactory-prd.jbhunt.com:8081/artifactory/api/npm/npm-repos/accepts/-/accepts-1.3.7.tgz#531bc726517a3b2b41f850021c6cc15eaab507cd"
  integrity sha1-UxvHJlF6OytB+FACHGzBXqq1B80=
  dependencies:
    mime-types "~2.1.24"
    negotiator "0.6.2"

acorn-walk@^8.1.1:
  version "8.2.0"
  resolved "https://artifactory-prd.jbhunt.com:8081/artifactory/api/npm/npm-repos/acorn-walk/-/acorn-walk-8.2.0.tgz#741210f2e2426454508853a2f44d0ab83b7f69c1"
  integrity sha1-dBIQ8uJCZFRQiFOi9E0KuDt/acE=

acorn@^8.4.1:
  version "8.7.0"
  resolved "https://artifactory-prd.jbhunt.com:8081/artifactory/api/npm/npm-repos/acorn/-/acorn-8.7.0.tgz#90951fde0f8f09df93549481e5fc141445b791cf"
  integrity sha1-kJUf3g+PCd+TVJSB5fwUFEW3kc8=

ansi-regex@^5.0.1:
  version "5.0.1"
  resolved "https://artifactory-prd.jbhunt.com:8081/artifactory/api/npm/npm-repos/ansi-regex/-/ansi-regex-5.0.1.tgz#082cb2c89c9fe8659a311a53bd6a4dc5301db304"
  integrity sha1-CCyyyJyf6GWaMRpTvWpNxTAdswQ=

ansi-styles@^4.1.0:
  version "4.3.0"
  resolved "https://artifactory-prd.jbhunt.com:8081/artifactory/api/npm/npm-repos/ansi-styles/-/ansi-styles-4.3.0.tgz#edd803628ae71c04c85ae7a0906edad34b648937"
  integrity sha1-7dgDYornHATIWuegkG7a00tkiTc=
  dependencies:
    color-convert "^2.0.1"

arg@^4.1.0:
  version "4.1.3"
  resolved "https://artifactory-prd.jbhunt.com:8081/artifactory/api/npm/npm-repos/arg/-/arg-4.1.3.tgz#269fc7ad5b8e42cb63c896d5666017261c144089"
  integrity sha1-Jp/HrVuOQstjyJbVZmAXJhwUQIk=

balanced-match@^1.0.0:
  version "1.0.2"
  resolved "https://artifactory-prd.jbhunt.com:8081/artifactory/api/npm/npm-repos/balanced-match/-/balanced-match-1.0.2.tgz#e83e3a7e3f300b34cb9d87f615fa0cbf357690ee"
  integrity sha1-6D46fj8wCzTLnYf2FfoMvzV2kO4=

base64-js@^1.3.1:
  version "1.5.1"
  resolved "https://artifactory-prd.jbhunt.com:8081/artifactory/api/npm/npm-repos/base64-js/-/base64-js-1.5.1.tgz#1b1b440160a5bf7ad40b650f095963481903930a"
  integrity sha1-GxtEAWClv3rUC2UPCVljSBkDkwo=

brace-expansion@^1.1.7:
  version "1.1.11"
  resolved "https://artifactory-prd.jbhunt.com:8081/artifactory/api/npm/npm-repos/brace-expansion/-/brace-expansion-1.1.11.tgz#3c7fcbf529d87226f3d2f52b966ff5271eb441dd"
  integrity sha1-PH/L9SnYcibz0vUrlm/1Jx60Qd0=
  dependencies:
    balanced-match "^1.0.0"
    concat-map "0.0.1"

bson@^4.6.1:
  version "4.6.1"
  resolved "https://artifactory-prd.jbhunt.com:8081/artifactory/api/npm/npm-repos/bson/-/bson-4.6.1.tgz#2b5da517539bb0f7f3ffb54ac70a384ca899641c"
  integrity sha1-K12lF1ObsPfz/7VKxwo4TKiZZBw=
  dependencies:
    buffer "^5.6.0"

buffer@^5.6.0:
  version "5.7.1"
  resolved "https://artifactory-prd.jbhunt.com:8081/artifactory/api/npm/npm-repos/buffer/-/buffer-5.7.1.tgz#ba62e7c13133053582197160851a8f648e99eed0"
  integrity sha1-umLnwTEzBTWCGXFghRqPZI6Z7tA=
  dependencies:
    base64-js "^1.3.1"
    ieee754 "^1.1.13"

bunyan@~1.8.12:
  version "1.8.15"
  resolved "https://artifactory-prd.jbhunt.com:8081/artifactory/api/npm/npm-repos/bunyan/-/bunyan-1.8.15.tgz#8ce34ca908a17d0776576ca1b2f6cbd916e93b46"
  integrity sha1-jONMqQihfQd2V2yhsvbL2RbpO0Y=
  optionalDependencies:
    dtrace-provider "~0.8"
    moment "^2.19.3"
    mv "~2"
    safe-json-stringify "~1"

bytes@3.1.1:
  version "3.1.1"
  resolved "https://artifactory-prd.jbhunt.com:8081/artifactory/api/npm/npm-repos/bytes/-/bytes-3.1.1.tgz#3f018291cb4cbad9accb6e6970bca9c8889e879a"
  integrity sha1-PwGCkctMutmsy25pcLypyIieh5o=

cache-content-type@^1.0.0:
  version "1.0.1"
  resolved "https://artifactory-prd.jbhunt.com:8081/artifactory/api/npm/npm-repos/cache-content-type/-/cache-content-type-1.0.1.tgz#035cde2b08ee2129f4a8315ea8f00a00dba1453c"
  integrity sha1-A1zeKwjuISn0qDFeqPAKANuhRTw=
  dependencies:
    mime-types "^2.1.18"
    ylru "^1.2.0"

call-bind@^1.0.0:
  version "1.0.2"
  resolved "https://artifactory-prd.jbhunt.com:8081/artifactory/api/npm/npm-repos/call-bind/-/call-bind-1.0.2.tgz#b1d4e89e688119c3c9a903ad30abb2f6a919be3c"
  integrity sha1-sdTonmiBGcPJqQOtMKuy9qkZvjw=
  dependencies:
    function-bind "^1.1.1"
    get-intrinsic "^1.0.2"

chalk@^4.1.2:
  version "4.1.2"
  resolved "https://artifactory-prd.jbhunt.com:8081/artifactory/api/npm/npm-repos/chalk/-/chalk-4.1.2.tgz#aac4e2b7734a740867aeb16bf02aad556a1e7a01"
  integrity sha1-qsTit3NKdAhnrrFr8CqtVWoeegE=
  dependencies:
    ansi-styles "^4.1.0"
    supports-color "^7.1.0"

chalk@^5.0.0:
  version "5.0.0"
  resolved "https://artifactory-prd.jbhunt.com:8081/artifactory/api/npm/npm-repos/chalk/-/chalk-5.0.0.tgz#bd96c6bb8e02b96e08c0c3ee2a9d90e050c7b832"
  integrity sha1-vZbGu44CuW4IwMPuKp2Q4FDHuDI=

cli-table3@^0.6.0:
  version "0.6.0"
  resolved "https://artifactory-prd.jbhunt.com:8081/artifactory/api/npm/npm-repos/cli-table3/-/cli-table3-0.6.0.tgz#b7b1bc65ca8e7b5cef9124e13dc2b21e2ce4faee"
  integrity sha1-t7G8ZcqOe1zvkSThPcKyHizk+u4=
  dependencies:
    object-assign "^4.1.0"
    string-width "^4.2.0"
  optionalDependencies:
    colors "^1.1.2"

co-body@^5.1.1:
  version "5.2.0"
  resolved "https://artifactory-prd.jbhunt.com:8081/artifactory/api/npm/npm-repos/co-body/-/co-body-5.2.0.tgz#5a0a658c46029131e0e3a306f67647302f71c124"
  integrity sha1-WgpljEYCkTHg46MG9nZHMC9xwSQ=
  dependencies:
    inflation "^2.0.0"
    qs "^6.4.0"
    raw-body "^2.2.0"
    type-is "^1.6.14"

co@^4.6.0:
  version "4.6.0"
  resolved "https://artifactory-prd.jbhunt.com:8081/artifactory/api/npm/npm-repos/co/-/co-4.6.0.tgz#6ea6bdf3d853ae54ccb8e47bfa0bf3f9031fb184"
  integrity sha1-bqa989hTrlTMuOR7+gvz+QMfsYQ=

color-convert@^2.0.1:
  version "2.0.1"
  resolved "https://artifactory-prd.jbhunt.com:8081/artifactory/api/npm/npm-repos/color-convert/-/color-convert-2.0.1.tgz#72d3a68d598c9bdb3af2ad1e84f21d896abd4de3"
  integrity sha1-ctOmjVmMm9s68q0ehPIdiWq9TeM=
  dependencies:
    color-name "~1.1.4"

color-name@~1.1.4:
  version "1.1.4"
  resolved "https://artifactory-prd.jbhunt.com:8081/artifactory/api/npm/npm-repos/color-name/-/color-name-1.1.4.tgz#c2a09a87acbde69543de6f63fa3995c826c536a2"
  integrity sha1-wqCah6y95pVD3m9j+jmVyCbFNqI=

colors@^1.1.2:
  version "1.4.0"
  resolved "https://artifactory-prd.jbhunt.com:8081/artifactory/api/npm/npm-repos/colors/-/colors-1.4.0.tgz#c50491479d4c1bdaed2c9ced32cf7c7dc2360f78"
  integrity sha1-xQSRR51MG9rtLJztMs98fcI2D3g=

concat-map@0.0.1:
  version "0.0.1"
  resolved "https://artifactory-prd.jbhunt.com:8081/artifactory/api/npm/npm-repos/concat-map/-/concat-map-0.0.1.tgz#d8a96bd77fd68df7793a73036a3ba0d5405d477b"
  integrity sha1-2Klr13/Wjfd5OnMDajug1UBdR3s=

content-disposition@~0.5.2:
  version "0.5.4"
  resolved "https://artifactory-prd.jbhunt.com:8081/artifactory/api/npm/npm-repos/content-disposition/-/content-disposition-0.5.4.tgz#8b82b4efac82512a02bb0b1dcec9d2c5e8eb5bfe"
  integrity sha1-i4K076yCUSoCuwsdzsnSxejrW/4=
  dependencies:
    safe-buffer "5.2.1"

content-type@^1.0.4:
  version "1.0.4"
  resolved "https://artifactory-prd.jbhunt.com:8081/artifactory/api/npm/npm-repos/content-type/-/content-type-1.0.4.tgz#e138cc75e040c727b1966fe5e5f8c9aee256fe3b"
  integrity sha1-4TjMdeBAxyexlm/l5fjJruJW/js=

cookies@~0.8.0:
  version "0.8.0"
  resolved "https://artifactory-prd.jbhunt.com:8081/artifactory/api/npm/npm-repos/cookies/-/cookies-0.8.0.tgz#1293ce4b391740a8406e3c9870e828c4b54f3f90"
  integrity sha1-EpPOSzkXQKhAbjyYcOgoxLVPP5A=
  dependencies:
    depd "~2.0.0"
    keygrip "~1.1.0"

create-require@^1.1.0:
  version "1.1.1"
  resolved "https://artifactory-prd.jbhunt.com:8081/artifactory/api/npm/npm-repos/create-require/-/create-require-1.1.1.tgz#c1d7e8f1e5f6cfc9ff65f9cd352d37348756c333"
  integrity sha1-wdfo8eX2z8n/ZfnNNS03NIdWwzM=

dayjs@^1.10.7:
  version "1.10.7"
  resolved "https://artifactory-prd.jbhunt.com:8081/artifactory/api/npm/npm-repos/dayjs/-/dayjs-1.10.7.tgz#2cf5f91add28116748440866a0a1d26f3a6ce468"
  integrity sha1-LPX5Gt0oEWdIRAhmoKHSbzps5Gg=

debug@^4.1.1, debug@^4.3.2:
  version "4.3.3"
  resolved "https://artifactory-prd.jbhunt.com:8081/artifactory/api/npm/npm-repos/debug/-/debug-4.3.3.tgz#04266e0b70a98d4462e6e288e38259213332b664"
  integrity sha1-BCZuC3CpjURi5uKI44JZITMytmQ=
  dependencies:
    ms "2.1.2"

deep-equal@~1.0.1:
  version "1.0.1"
  resolved "https://artifactory-prd.jbhunt.com:8081/artifactory/api/npm/npm-repos/deep-equal/-/deep-equal-1.0.1.tgz#f5d260292b660e084eff4cdbc9f08ad3247448b5"
  integrity sha1-9dJgKStmDghO/0zbyfCK0yR0SLU=

delegates@^1.0.0:
  version "1.0.0"
  resolved "https://artifactory-prd.jbhunt.com:8081/artifactory/api/npm/npm-repos/delegates/-/delegates-1.0.0.tgz#84c6e159b81904fdca59a0ef44cd870d31250f9a"
  integrity sha1-hMbhWbgZBP3KWaDvRM2HDTElD5o=

denque@^2.0.1:
  version "2.0.1"
  resolved "https://artifactory-prd.jbhunt.com:8081/artifactory/api/npm/npm-repos/denque/-/denque-2.0.1.tgz#bcef4c1b80dc32efe97515744f21a4229ab8934a"
  integrity sha1-vO9MG4DcMu/pdRV0TyGkIpq4k0o=

depd@^2.0.0, depd@~2.0.0:
  version "2.0.0"
  resolved "https://artifactory-prd.jbhunt.com:8081/artifactory/api/npm/npm-repos/depd/-/depd-2.0.0.tgz#b696163cc757560d09cf22cc8fad1571b79e76df"
  integrity sha1-tpYWPMdXVg0JzyLMj60Vcbeedt8=

depd@~1.1.2:
  version "1.1.2"
  resolved "https://artifactory-prd.jbhunt.com:8081/artifactory/api/npm/npm-repos/depd/-/depd-1.1.2.tgz#9bcd52e14c097763e749b274c4346ed2e560b5a9"
  integrity sha1-m81S4UwJd2PnSbJ0xDRu0uVgtak=

destroy@^1.0.4:
  version "1.0.4"
  resolved "https://artifactory-prd.jbhunt.com:8081/artifactory/api/npm/npm-repos/destroy/-/destroy-1.0.4.tgz#978857442c44749e4206613e37946205826abd80"
  integrity sha1-l4hXRCxEdJ5CBmE+N5RiBYJqvYA=

diff@^4.0.1:
  version "4.0.2"
  resolved "https://artifactory-prd.jbhunt.com:8081/artifactory/api/npm/npm-repos/diff/-/diff-4.0.2.tgz#60f3aecb89d5fae520c11aa19efc2bb982aade7d"
  integrity sha1-YPOuy4nV+uUgwRqhnvwruYKq3n0=

dtrace-provider@~0.8:
  version "0.8.8"
  resolved "https://artifactory-prd.jbhunt.com:8081/artifactory/api/npm/npm-repos/dtrace-provider/-/dtrace-provider-0.8.8.tgz#2996d5490c37e1347be263b423ed7b297fb0d97e"
  integrity sha1-KZbVSQw34TR74mO0I+17KX+w2X4=
  dependencies:
    nan "^2.14.0"

ee-first@1.1.1:
  version "1.1.1"
  resolved "https://artifactory-prd.jbhunt.com:8081/artifactory/api/npm/npm-repos/ee-first/-/ee-first-1.1.1.tgz#590c61156b0ae2f4f0255732a158b266bc56b21d"
  integrity sha1-WQxhFWsK4vTwJVcyoViyZrxWsh0=

emoji-regex@^8.0.0:
  version "8.0.0"
  resolved "https://artifactory-prd.jbhunt.com:8081/artifactory/api/npm/npm-repos/emoji-regex/-/emoji-regex-8.0.0.tgz#e818fd69ce5ccfcb404594f842963bf53164cc37"
  integrity sha1-6Bj9ac5cz8tARZT4QpY79TFkzDc=

encodeurl@^1.0.2:
  version "1.0.2"
  resolved "https://artifactory-prd.jbhunt.com:8081/artifactory/api/npm/npm-repos/encodeurl/-/encodeurl-1.0.2.tgz#ad3ff4c86ec2d029322f5a02c3a9a606c95b3f59"
  integrity sha1-rT/0yG7C0CkyL1oCw6mmBslbP1k=

escape-html@^1.0.3:
  version "1.0.3"
  resolved "https://artifactory-prd.jbhunt.com:8081/artifactory/api/npm/npm-repos/escape-html/-/escape-html-1.0.3.tgz#0258eae4d3d0c0974de1c169188ef0051d1d1988"
  integrity sha1-Aljq5NPQwJdN4cFpGI7wBR0dGYg=

formidable@^1.1.1:
  version "1.2.6"
  resolved "https://artifactory-prd.jbhunt.com:8081/artifactory/api/npm/npm-repos/formidable/-/formidable-1.2.6.tgz#d2a51d60162bbc9b4a055d8457a7c75315d1a168"
  integrity sha1-0qUdYBYrvJtKBV2EV6fHUxXRoWg=

fresh@~0.5.2:
  version "0.5.2"
  resolved "https://artifactory-prd.jbhunt.com:8081/artifactory/api/npm/npm-repos/fresh/-/fresh-0.5.2.tgz#3d8cadd90d976569fa835ab1f8e4b23a105605a7"
  integrity sha1-PYyt2Q2XZWn6g1qx+OSyOhBWBac=

fs-extra@^10.0.0:
  version "10.0.0"
  resolved "https://artifactory-prd.jbhunt.com:8081/artifactory/api/npm/npm-repos/fs-extra/-/fs-extra-10.0.0.tgz#9ff61b655dde53fb34a82df84bb214ce802e17c1"
  integrity sha1-n/YbZV3eU/s0qC34S7IUzoAuF8E=
  dependencies:
    graceful-fs "^4.2.0"
    jsonfile "^6.0.1"
    universalify "^2.0.0"

function-bind@^1.1.1:
  version "1.1.1"
  resolved "https://artifactory-prd.jbhunt.com:8081/artifactory/api/npm/npm-repos/function-bind/-/function-bind-1.1.1.tgz#a56899d3ea3c9bab874bb9773b7c5ede92f4895d"
  integrity sha1-pWiZ0+o8m6uHS7l3O3xe3pL0iV0=

get-intrinsic@^1.0.2:
  version "1.1.1"
  resolved "https://artifactory-prd.jbhunt.com:8081/artifactory/api/npm/npm-repos/get-intrinsic/-/get-intrinsic-1.1.1.tgz#15f59f376f855c446963948f0d24cd3637b4abc6"
  integrity sha1-FfWfN2+FXERpY5SPDSTNNje0q8Y=
  dependencies:
    function-bind "^1.1.1"
    has "^1.0.3"
    has-symbols "^1.0.1"

glob@^6.0.1:
  version "6.0.4"
  resolved "https://artifactory-prd.jbhunt.com:8081/artifactory/api/npm/npm-repos/glob/-/glob-6.0.4.tgz#0f08860f6a155127b2fadd4f9ce24b1aab6e4d22"
  integrity sha1-DwiGD2oVUSey+t1PnOJLGqtuTSI=
  dependencies:
    inflight "^1.0.4"
    inherits "2"
    minimatch "2 || 3"
    once "^1.3.0"
    path-is-absolute "^1.0.0"

graceful-fs@^4.1.6, graceful-fs@^4.2.0:
  version "4.2.8"
  resolved "https://artifactory-prd.jbhunt.com:8081/artifactory/api/npm/npm-repos/graceful-fs/-/graceful-fs-4.2.8.tgz#e412b8d33f5e006593cbd3cee6df9f2cebbe802a"
  integrity sha1-5BK40z9eAGWTy9PO5t+fLOu+gCo=

has-flag@^4.0.0:
  version "4.0.0"
  resolved "https://artifactory-prd.jbhunt.com:8081/artifactory/api/npm/npm-repos/has-flag/-/has-flag-4.0.0.tgz#944771fd9c81c81265c4d6941860da06bb59479b"
  integrity sha1-lEdx/ZyByBJlxNaUGGDaBrtZR5s=

has-symbols@^1.0.1, has-symbols@^1.0.2:
  version "1.0.2"
  resolved "https://artifactory-prd.jbhunt.com:8081/artifactory/api/npm/npm-repos/has-symbols/-/has-symbols-1.0.2.tgz#165d3070c00309752a1236a479331e3ac56f1423"
  integrity sha1-Fl0wcMADCXUqEjakeTMeOsVvFCM=

has-tostringtag@^1.0.0:
  version "1.0.0"
  resolved "https://artifactory-prd.jbhunt.com:8081/artifactory/api/npm/npm-repos/has-tostringtag/-/has-tostringtag-1.0.0.tgz#7e133818a7d394734f941e73c3d3f9291e658b25"
  integrity sha1-fhM4GKfTlHNPlB5zw9P5KR5liyU=
  dependencies:
    has-symbols "^1.0.2"

has@^1.0.3:
  version "1.0.3"
  resolved "https://artifactory-prd.jbhunt.com:8081/artifactory/api/npm/npm-repos/has/-/has-1.0.3.tgz#722d7cbfc1f6aa8241f16dd814e011e1f41e8796"
  integrity sha1-ci18v8H2qoJB8W3YFOAR4fQeh5Y=
  dependencies:
    function-bind "^1.1.1"

helmet@^4.4.1:
  version "4.6.0"
  resolved "https://artifactory-prd.jbhunt.com:8081/artifactory/api/npm/npm-repos/helmet/-/helmet-4.6.0.tgz#579971196ba93c5978eb019e4e8ec0e50076b4df"
  integrity sha1-V5lxGWupPFl46wGeTo7A5QB2tN8=

http-assert@^1.3.0:
  version "1.5.0"
  resolved "https://artifactory-prd.jbhunt.com:8081/artifactory/api/npm/npm-repos/http-assert/-/http-assert-1.5.0.tgz#c389ccd87ac16ed2dfa6246fd73b926aa00e6b8f"
  integrity sha1-w4nM2HrBbtLfpiRv1zuSaqAOa48=
  dependencies:
    deep-equal "~1.0.1"
    http-errors "~1.8.0"

http-errors@1.8.1, http-errors@^1.6.3, http-errors@^1.7.3, http-errors@~1.8.0:
  version "1.8.1"
  resolved "https://artifactory-prd.jbhunt.com:8081/artifactory/api/npm/npm-repos/http-errors/-/http-errors-1.8.1.tgz#7c3f28577cbc8a207388455dbd62295ed07bd68c"
  integrity sha1-fD8oV3y8iiBziEVdvWIpXtB71ow=
  dependencies:
    depd "~1.1.2"
    inherits "2.0.4"
    setprototypeof "1.2.0"
    statuses ">= 1.5.0 < 2"
    toidentifier "1.0.1"

iconv-lite@0.4.24:
  version "0.4.24"
  resolved "https://artifactory-prd.jbhunt.com:8081/artifactory/api/npm/npm-repos/iconv-lite/-/iconv-lite-0.4.24.tgz#2022b4b25fbddc21d2f524974a474aafe733908b"
  integrity sha1-ICK0sl+93CHS9SSXSkdKr+czkIs=
  dependencies:
    safer-buffer ">= 2.1.2 < 3"

ieee754@^1.1.13:
  version "1.2.1"
  resolved "https://artifactory-prd.jbhunt.com:8081/artifactory/api/npm/npm-repos/ieee754/-/ieee754-1.2.1.tgz#8eb7a10a63fff25d15a57b001586d177d1b0d352"
  integrity sha1-jrehCmP/8l0VpXsAFYbRd9Gw01I=

inflation@^2.0.0:
  version "2.0.0"
  resolved "https://artifactory-prd.jbhunt.com:8081/artifactory/api/npm/npm-repos/inflation/-/inflation-2.0.0.tgz#8b417e47c28f925a45133d914ca1fd389107f30f"
  integrity sha1-i0F+R8KPklpFEz2RTKH9OJEH8w8=

inflight@^1.0.4:
  version "1.0.6"
  resolved "https://artifactory-prd.jbhunt.com:8081/artifactory/api/npm/npm-repos/inflight/-/inflight-1.0.6.tgz#49bd6331d7d02d0c09bc910a1075ba8165b56df9"
  integrity sha1-Sb1jMdfQLQwJvJEKEHW6gWW1bfk=
  dependencies:
    once "^1.3.0"
    wrappy "1"

inherits@2, inherits@2.0.4:
  version "2.0.4"
  resolved "https://artifactory-prd.jbhunt.com:8081/artifactory/api/npm/npm-repos/inherits/-/inherits-2.0.4.tgz#0fa2c64f932917c3433a0ded55363aae37416b7c"
  integrity sha1-D6LGT5MpF8NDOg3tVTY6rjdBa3w=

ip@^1.1.5:
  version "1.1.5"
  resolved "https://artifactory-prd.jbhunt.com:8081/artifactory/api/npm/npm-repos/ip/-/ip-1.1.5.tgz#bdded70114290828c0a039e72ef25f5aaec4354a"
  integrity sha1-vd7XARQpCCjAoDnnLvJfWq7ENUo=

is-fullwidth-code-point@^3.0.0:
  version "3.0.0"
  resolved "https://artifactory-prd.jbhunt.com:8081/artifactory/api/npm/npm-repos/is-fullwidth-code-point/-/is-fullwidth-code-point-3.0.0.tgz#f116f8064fe90b3f7844a38997c0b75051269f1d"
  integrity sha1-8Rb4Bk/pCz94RKOJl8C3UFEmnx0=

is-generator-function@^1.0.7:
  version "1.0.10"
  resolved "https://artifactory-prd.jbhunt.com:8081/artifactory/api/npm/npm-repos/is-generator-function/-/is-generator-function-1.0.10.tgz#f1558baf1ac17e0deea7c0415c438351ff2b3c72"
  integrity sha1-8VWLrxrBfg3up8BBXEODUf8rPHI=
  dependencies:
    has-tostringtag "^1.0.0"

jsonfile@^6.0.1:
  version "6.1.0"
  resolved "https://artifactory-prd.jbhunt.com:8081/artifactory/api/npm/npm-repos/jsonfile/-/jsonfile-6.1.0.tgz#bc55b2634793c679ec6403094eb13698a6ec0aae"
  integrity sha1-vFWyY0eTxnnsZAMJTrE2mKbsCq4=
  dependencies:
    universalify "^2.0.0"
  optionalDependencies:
    graceful-fs "^4.1.6"

keygrip@~1.1.0:
  version "1.1.0"
  resolved "https://artifactory-prd.jbhunt.com:8081/artifactory/api/npm/npm-repos/keygrip/-/keygrip-1.1.0.tgz#871b1681d5e159c62a445b0c74b615e0917e7226"
  integrity sha1-hxsWgdXhWcYqRFsMdLYV4JF+ciY=
  dependencies:
    tsscmp "1.0.6"

koa-body@^4.2.0:
  version "4.2.0"
  resolved "https://artifactory-prd.jbhunt.com:8081/artifactory/api/npm/npm-repos/koa-body/-/koa-body-4.2.0.tgz#37229208b820761aca5822d14c5fc55cee31b26f"
  integrity sha1-NyKSCLggdhrKWCLRTF/FXO4xsm8=
  dependencies:
    "@types/formidable" "^1.0.31"
    co-body "^5.1.1"
    formidable "^1.1.1"

koa-bunyan-logger@^2.1.0:
  version "2.1.0"
  resolved "https://artifactory-prd.jbhunt.com:8081/artifactory/api/npm/npm-repos/koa-bunyan-logger/-/koa-bunyan-logger-2.1.0.tgz#a3a32c0329ba52b10a33f01b3adcb5f01d70eac5"
  integrity sha1-o6MsAym6UrEKM/AbOty18B1w6sU=
  dependencies:
    bunyan "~1.8.12"
    on-finished "~2.3.0"
    uuid "^3.0.0"

koa-compose@^4.1.0:
  version "4.1.0"
  resolved "https://artifactory-prd.jbhunt.com:8081/artifactory/api/npm/npm-repos/koa-compose/-/koa-compose-4.1.0.tgz#507306b9371901db41121c812e923d0d67d3e877"
  integrity sha1-UHMGuTcZAdtBEhyBLpI9DWfT6Hc=

koa-convert@^2.0.0:
  version "2.0.0"
  resolved "https://artifactory-prd.jbhunt.com:8081/artifactory/api/npm/npm-repos/koa-convert/-/koa-convert-2.0.0.tgz#86a0c44d81d40551bae22fee6709904573eea4f5"
  integrity sha1-hqDETYHUBVG64i/uZwmQRXPupPU=
  dependencies:
    co "^4.6.0"
    koa-compose "^4.1.0"

koa-helmet@^6.1.0:
  version "6.1.0"
  resolved "https://artifactory-prd.jbhunt.com:8081/artifactory/api/npm/npm-repos/koa-helmet/-/koa-helmet-6.1.0.tgz#5ace72266b4b86c21c7a435ffcdaf3999e2d3a6d"
  integrity sha1-Ws5yJmtLhsIcekNf/NrzmZ4tOm0=
  dependencies:
    helmet "^4.4.1"

koa@^2.13.1, koa@^2.13.3, koa@^2.13.4:
  version "2.13.4"
  resolved "https://artifactory-prd.jbhunt.com:8081/artifactory/api/npm/npm-repos/koa/-/koa-2.13.4.tgz#ee5b0cb39e0b8069c38d115139c774833d32462e"
  integrity sha1-7lsMs54LgGnDjRFROcd0gz0yRi4=
  dependencies:
    accepts "^1.3.5"
    cache-content-type "^1.0.0"
    content-disposition "~0.5.2"
    content-type "^1.0.4"
    cookies "~0.8.0"
    debug "^4.3.2"
    delegates "^1.0.0"
    depd "^2.0.0"
    destroy "^1.0.4"
    encodeurl "^1.0.2"
    escape-html "^1.0.3"
    fresh "~0.5.2"
    http-assert "^1.3.0"
    http-errors "^1.6.3"
    is-generator-function "^1.0.7"
    koa-compose "^4.1.0"
    koa-convert "^2.0.0"
    on-finished "^2.3.0"
    only "~0.0.2"
    parseurl "^1.3.2"
    statuses "^1.5.0"
    type-is "^1.6.16"
    vary "^1.1.2"

make-error@^1.1.1:
  version "1.3.6"
  resolved "https://artifactory-prd.jbhunt.com:8081/artifactory/api/npm/npm-repos/make-error/-/make-error-1.3.6.tgz#2eb2e37ea9b67c4891f684a1394799af484cf7a2"
  integrity sha1-LrLjfqm2fEiR9oShOUeZr0hM96I=

media-typer@0.3.0:
  version "0.3.0"
  resolved "https://artifactory-prd.jbhunt.com:8081/artifactory/api/npm/npm-repos/media-typer/-/media-typer-0.3.0.tgz#8710d7af0aa626f8fffa1ce00168545263255748"
  integrity sha1-hxDXrwqmJvj/+hzgAWhUUmMlV0g=

memory-pager@^1.0.2:
  version "1.5.0"
  resolved "https://artifactory-prd.jbhunt.com:8081/artifactory/api/npm/npm-repos/memory-pager/-/memory-pager-1.5.0.tgz#d8751655d22d384682741c972f2c3d6dfa3e66b5"
  integrity sha1-2HUWVdItOEaCdByXLyw9bfo+ZrU=

methods@^1.1.2:
  version "1.1.2"
  resolved "https://artifactory-prd.jbhunt.com:8081/artifactory/api/npm/npm-repos/methods/-/methods-1.1.2.tgz#5529a4d67654134edcc5266656835b0f851afcee"
  integrity sha1-VSmk1nZUE07cxSZmVoNbD4Ua/O4=

mime-db@1.51.0:
  version "1.51.0"
  resolved "https://artifactory-prd.jbhunt.com:8081/artifactory/api/npm/npm-repos/mime-db/-/mime-db-1.51.0.tgz#d9ff62451859b18342d960850dc3cfb77e63fb0c"
  integrity sha1-2f9iRRhZsYNC2WCFDcPPt35j+ww=

mime-types@^2.1.18, mime-types@~2.1.24:
  version "2.1.34"
  resolved "https://artifactory-prd.jbhunt.com:8081/artifactory/api/npm/npm-repos/mime-types/-/mime-types-2.1.34.tgz#5a712f9ec1503511a945803640fafe09d3793c24"
  integrity sha1-WnEvnsFQNRGpRYA2QPr+CdN5PCQ=
  dependencies:
    mime-db "1.51.0"

"minimatch@2 || 3":
  version "3.0.4"
  resolved "https://artifactory-prd.jbhunt.com:8081/artifactory/api/npm/npm-repos/minimatch/-/minimatch-3.0.4.tgz#5166e286457f03306064be5497e8dbb0c3d32083"
  integrity sha1-UWbihkV/AzBgZL5Ul+jbsMPTIIM=
  dependencies:
    brace-expansion "^1.1.7"

minimist@^1.2.5:
  version "1.2.5"
  resolved "https://artifactory-prd.jbhunt.com:8081/artifactory/api/npm/npm-repos/minimist/-/minimist-1.2.5.tgz#67d66014b66a6a8aaa0c083c5fd58df4e4e97602"
  integrity sha1-Z9ZgFLZqaoqqDAg8X9WN9OTpdgI=

mkdirp@~0.5.1:
  version "0.5.5"
  resolved "https://artifactory-prd.jbhunt.com:8081/artifactory/api/npm/npm-repos/mkdirp/-/mkdirp-0.5.5.tgz#d91cefd62d1436ca0f41620e251288d420099def"
  integrity sha1-2Rzv1i0UNsoPQWIOJRKI1CAJne8=
  dependencies:
    minimist "^1.2.5"

moment@^2.19.3:
  version "2.29.1"
  resolved "https://artifactory-prd.jbhunt.com:8081/artifactory/api/npm/npm-repos/moment/-/moment-2.29.1.tgz#b2be769fa31940be9eeea6469c075e35006fa3d3"
  integrity sha1-sr52n6MZQL6e7qZGnAdeNQBvo9M=

mongodb-connection-string-url@^2.3.2:
  version "2.4.1"
  resolved "https://artifactory-prd.jbhunt.com:8081/artifactory/api/npm/npm-repos/mongodb-connection-string-url/-/mongodb-connection-string-url-2.4.1.tgz#6b3c6c40133a0ad059fe9a0abda64b2a1cb4e8b4"
  integrity sha1-azxsQBM6CtBZ/poKvaZLKhy06LQ=
  dependencies:
    "@types/whatwg-url" "^8.2.1"
    whatwg-url "^11.0.0"

mongodb@^4.3.0:
  version "4.3.0"
  resolved "https://artifactory-prd.jbhunt.com:8081/artifactory/api/npm/npm-repos/mongodb/-/mongodb-4.3.0.tgz#beac457cf57ea1b5c76ec67b8bbd6a63254bbc7c"
  integrity sha1-vqxFfPV+obXHbsZ7i71qYyVLvHw=
  dependencies:
    bson "^4.6.1"
    denque "^2.0.1"
    mongodb-connection-string-url "^2.3.2"
    socks "^2.6.1"
  optionalDependencies:
    saslprep "^1.0.3"

ms@2.1.2:
  version "2.1.2"
  resolved "https://artifactory-prd.jbhunt.com:8081/artifactory/api/npm/npm-repos/ms/-/ms-2.1.2.tgz#d09d1f357b443f493382a8eb3ccd183872ae6009"
  integrity sha1-0J0fNXtEP0kzgqjrPM0YOHKuYAk=

mv@~2:
  version "2.1.1"
  resolved "https://artifactory-prd.jbhunt.com:8081/artifactory/api/npm/npm-repos/mv/-/mv-2.1.1.tgz#ae6ce0d6f6d5e0a4f7d893798d03c1ea9559b6a2"
  integrity sha1-rmzg1vbV4KT32JN5jQPB6pVZtqI=
  dependencies:
    mkdirp "~0.5.1"
    ncp "~2.0.0"
    rimraf "~2.4.0"

nan@^2.14.0:
  version "2.15.0"
  resolved "https://artifactory-prd.jbhunt.com:8081/artifactory/api/npm/npm-repos/nan/-/nan-2.15.0.tgz#3f34a473ff18e15c1b5626b62903b5ad6e665fee"
  integrity sha1-PzSkc/8Y4VwbVia2KQO1rW5mX+4=

ncp@~2.0.0:
  version "2.0.0"
  resolved "https://artifactory-prd.jbhunt.com:8081/artifactory/api/npm/npm-repos/ncp/-/ncp-2.0.0.tgz#195a21d6c46e361d2fb1281ba38b91e9df7bdbb3"
  integrity sha1-GVoh1sRuNh0vsSgbo4uR6d9727M=

negotiator@0.6.2:
  version "0.6.2"
  resolved "https://artifactory-prd.jbhunt.com:8081/artifactory/api/npm/npm-repos/negotiator/-/negotiator-0.6.2.tgz#feacf7ccf525a77ae9634436a64883ffeca346fb"
  integrity sha1-/qz3zPUlp3rpY0Q2pkiD/+yjRvs=

object-assign@^4.1.0:
  version "4.1.1"
  resolved "https://artifactory-prd.jbhunt.com:8081/artifactory/api/npm/npm-repos/object-assign/-/object-assign-4.1.1.tgz#2109adc7965887cfc05cbbd442cac8bfbb360863"
  integrity sha1-IQmtx5ZYh8/AXLvUQsrIv7s2CGM=

object-inspect@^1.9.0:
  version "1.12.0"
  resolved "https://artifactory-prd.jbhunt.com:8081/artifactory/api/npm/npm-repos/object-inspect/-/object-inspect-1.12.0.tgz#6e2c120e868fd1fd18cb4f18c31741d0d6e776f0"
  integrity sha1-biwSDoaP0f0Yy08YwxdB0NbndvA=

on-finished@^2.3.0, on-finished@~2.3.0:
  version "2.3.0"
  resolved "https://artifactory-prd.jbhunt.com:8081/artifactory/api/npm/npm-repos/on-finished/-/on-finished-2.3.0.tgz#20f1336481b083cd75337992a16971aa2d906947"
  integrity sha1-IPEzZIGwg811M3mSoWlxqi2QaUc=
  dependencies:
    ee-first "1.1.1"

once@^1.3.0:
  version "1.4.0"
  resolved "https://artifactory-prd.jbhunt.com:8081/artifactory/api/npm/npm-repos/once/-/once-1.4.0.tgz#583b1aa775961d4b113ac17d9c50baef9dd76bd1"
  integrity sha1-WDsap3WWHUsROsF9nFC6753Xa9E=
  dependencies:
    wrappy "1"

only@~0.0.2:
  version "0.0.2"
  resolved "https://artifactory-prd.jbhunt.com:8081/artifactory/api/npm/npm-repos/only/-/only-0.0.2.tgz#2afde84d03e50b9a8edc444e30610a70295edfb4"
  integrity sha1-Kv3oTQPlC5qO3EROMGEKcCle37Q=

parseurl@^1.3.2:
  version "1.3.3"
  resolved "https://artifactory-prd.jbhunt.com:8081/artifactory/api/npm/npm-repos/parseurl/-/parseurl-1.3.3.tgz#9da19e7bee8d12dff0513ed5b76957793bc2e8d4"
  integrity sha1-naGee+6NEt/wUT7Vt2lXeTvC6NQ=

path-is-absolute@^1.0.0:
  version "1.0.1"
  resolved "https://artifactory-prd.jbhunt.com:8081/artifactory/api/npm/npm-repos/path-is-absolute/-/path-is-absolute-1.0.1.tgz#174b9268735534ffbc7ace6bf53a5a9e1b5c5f5f"
  integrity sha1-F0uSaHNVNP+8es5r9TpanhtcX18=

path-to-regexp@^6.1.0:
  version "6.2.0"
  resolved "https://artifactory-prd.jbhunt.com:8081/artifactory/api/npm/npm-repos/path-to-regexp/-/path-to-regexp-6.2.0.tgz#f7b3803336104c346889adece614669230645f38"
  integrity sha1-97OAMzYQTDRoia3s5hRmkjBkXzg=

prettier@^2.5.1:
  version "2.5.1"
  resolved "https://artifactory-prd.jbhunt.com:8081/artifactory/api/npm/npm-repos/prettier/-/prettier-2.5.1.tgz#fff75fa9d519c54cf0fce328c1017d94546bc56a"
  integrity sha1-//dfqdUZxUzw/OMowQF9lFRrxWo=

punycode@^2.1.1:
  version "2.1.1"
  resolved "https://artifactory-prd.jbhunt.com:8081/artifactory/api/npm/npm-repos/punycode/-/punycode-2.1.1.tgz#b58b010ac40c22c5657616c8d2c2c02c7bf479ec"
  integrity sha1-tYsBCsQMIsVldhbI0sLALHv0eew=

qs@^6.4.0:
  version "6.10.2"
  resolved "https://artifactory-prd.jbhunt.com:8081/artifactory/api/npm/npm-repos/qs/-/qs-6.10.2.tgz#c1431bea37fc5b24c5bdbafa20f16bdf2a4b9ffe"
  integrity sha1-wUMb6jf8WyTFvbr6IPFr3ypLn/4=
  dependencies:
    side-channel "^1.0.4"

raw-body@^2.2.0:
  version "2.4.2"
  resolved "https://artifactory-prd.jbhunt.com:8081/artifactory/api/npm/npm-repos/raw-body/-/raw-body-2.4.2.tgz#baf3e9c21eebced59dd6533ac872b71f7b61cb32"
  integrity sha1-uvPpwh7rztWd1lM6yHK3H3thyzI=
  dependencies:
    bytes "3.1.1"
    http-errors "1.8.1"
    iconv-lite "0.4.24"
    unpipe "1.0.0"

rimraf@~2.4.0:
  version "2.4.5"
  resolved "https://artifactory-prd.jbhunt.com:8081/artifactory/api/npm/npm-repos/rimraf/-/rimraf-2.4.5.tgz#ee710ce5d93a8fdb856fb5ea8ff0e2d75934b2da"
  integrity sha1-7nEM5dk6j9uFb7Xqj/Di11k0sto=
  dependencies:
    glob "^6.0.1"

safe-buffer@5.2.1:
  version "5.2.1"
  resolved "https://artifactory-prd.jbhunt.com:8081/artifactory/api/npm/npm-repos/safe-buffer/-/safe-buffer-5.2.1.tgz#1eaf9fa9bdb1fdd4ec75f58f9cdb4e6b7827eec6"
  integrity sha1-Hq+fqb2x/dTsdfWPnNtOa3gn7sY=

safe-json-stringify@~1:
  version "1.2.0"
  resolved "https://artifactory-prd.jbhunt.com:8081/artifactory/api/npm/npm-repos/safe-json-stringify/-/safe-json-stringify-1.2.0.tgz#356e44bc98f1f93ce45df14bcd7c01cda86e0afd"
  integrity sha1-NW5EvJjx+TzkXfFLzXwBzahuCv0=

"safer-buffer@>= 2.1.2 < 3":
  version "2.1.2"
  resolved "https://artifactory-prd.jbhunt.com:8081/artifactory/api/npm/npm-repos/safer-buffer/-/safer-buffer-2.1.2.tgz#44fa161b0187b9549dd84bb91802f9bd8385cd6a"
  integrity sha1-RPoWGwGHuVSd2Eu5GAL5vYOFzWo=

saslprep@^1.0.3:
  version "1.0.3"
  resolved "https://artifactory-prd.jbhunt.com:8081/artifactory/api/npm/npm-repos/saslprep/-/saslprep-1.0.3.tgz#4c02f946b56cf54297e347ba1093e7acac4cf226"
  integrity sha1-TAL5RrVs9UKX40e6EJPnrKxM8iY=
  dependencies:
    sparse-bitfield "^3.0.3"

setprototypeof@1.2.0:
  version "1.2.0"
  resolved "https://artifactory-prd.jbhunt.com:8081/artifactory/api/npm/npm-repos/setprototypeof/-/setprototypeof-1.2.0.tgz#66c9a24a73f9fc28cbe66b09fed3d33dcaf1b424"
  integrity sha1-ZsmiSnP5/CjL5msJ/tPTPcrxtCQ=

side-channel@^1.0.4:
  version "1.0.4"
  resolved "https://artifactory-prd.jbhunt.com:8081/artifactory/api/npm/npm-repos/side-channel/-/side-channel-1.0.4.tgz#efce5c8fdc104ee751b25c58d4290011fa5ea2cf"
  integrity sha1-785cj9wQTudRslxY1CkAEfpeos8=
  dependencies:
    call-bind "^1.0.0"
    get-intrinsic "^1.0.2"
    object-inspect "^1.9.0"

smart-buffer@^4.1.0:
  version "4.2.0"
  resolved "https://artifactory-prd.jbhunt.com:8081/artifactory/api/npm/npm-repos/smart-buffer/-/smart-buffer-4.2.0.tgz#6e1d71fa4f18c05f7d0ff216dd16a481d0e8d9ae"
  integrity sha1-bh1x+k8YwF99D/IW3RakgdDo2a4=

socks@^2.6.1:
  version "2.6.1"
  resolved "https://artifactory-prd.jbhunt.com:8081/artifactory/api/npm/npm-repos/socks/-/socks-2.6.1.tgz#989e6534a07cf337deb1b1c94aaa44296520d30e"
  integrity sha1-mJ5lNKB88zfesbHJSqpEKWUg0w4=
  dependencies:
    ip "^1.1.5"
    smart-buffer "^4.1.0"

sparse-bitfield@^3.0.3:
  version "3.0.3"
  resolved "https://artifactory-prd.jbhunt.com:8081/artifactory/api/npm/npm-repos/sparse-bitfield/-/sparse-bitfield-3.0.3.tgz#ff4ae6e68656056ba4b3e792ab3334d38273ca11"
  integrity sha1-/0rm5oZWBWuks+eSqzM004JzyhE=
  dependencies:
    memory-pager "^1.0.2"

"statuses@>= 1.5.0 < 2", statuses@^1.5.0:
  version "1.5.0"
  resolved "https://artifactory-prd.jbhunt.com:8081/artifactory/api/npm/npm-repos/statuses/-/statuses-1.5.0.tgz#161c7dac177659fd9811f43771fa99381478628c"
  integrity sha1-Fhx9rBd2Wf2YEfQ3cfqZOBR4Yow=

string-width@^4.2.0:
  version "4.2.3"
  resolved "https://artifactory-prd.jbhunt.com:8081/artifactory/api/npm/npm-repos/string-width/-/string-width-4.2.3.tgz#269c7117d27b05ad2e536830a8ec895ef9c6d010"
  integrity sha1-JpxxF9J7Ba0uU2gwqOyJXvnG0BA=
  dependencies:
    emoji-regex "^8.0.0"
    is-fullwidth-code-point "^3.0.0"
    strip-ansi "^6.0.1"

strip-ansi@^6.0.1:
  version "6.0.1"
  resolved "https://artifactory-prd.jbhunt.com:8081/artifactory/api/npm/npm-repos/strip-ansi/-/strip-ansi-6.0.1.tgz#9e26c63d30f53443e9489495b2105d37b67a85d9"
  integrity sha1-nibGPTD1NEPpSJSVshBdN7Z6hdk=
  dependencies:
    ansi-regex "^5.0.1"

supports-color@^7.1.0:
  version "7.2.0"
  resolved "https://artifactory-prd.jbhunt.com:8081/artifactory/api/npm/npm-repos/supports-color/-/supports-color-7.2.0.tgz#1b7dcdcb32b8138801b3e478ba6a51caa89648da"
  integrity sha1-G33NyzK4E4gBs+R4umpRyqiWSNo=
  dependencies:
    has-flag "^4.0.0"

toidentifier@1.0.1:
  version "1.0.1"
  resolved "https://artifactory-prd.jbhunt.com:8081/artifactory/api/npm/npm-repos/toidentifier/-/toidentifier-1.0.1.tgz#3be34321a88a820ed1bd80dfaa33e479fbb8dd35"
  integrity sha1-O+NDIaiKgg7RvYDfqjPkefu43TU=

tr46@^3.0.0:
  version "3.0.0"
  resolved "https://artifactory-prd.jbhunt.com:8081/artifactory/api/npm/npm-repos/tr46/-/tr46-3.0.0.tgz#555c4e297a950617e8eeddef633c87d4d9d6cbf9"
  integrity sha1-VVxOKXqVBhfo7t3vYzyH1NnWy/k=
  dependencies:
    punycode "^2.1.1"

ts-node@^10.4.0:
  version "10.4.0"
  resolved "https://artifactory-prd.jbhunt.com:8081/artifactory/api/npm/npm-repos/ts-node/-/ts-node-10.4.0.tgz#680f88945885f4e6cf450e7f0d6223dd404895f7"
  integrity sha1-aA+IlFiF9ObPRQ5/DWIj3UBIlfc=
  dependencies:
    "@cspotcode/source-map-support" "0.7.0"
    "@tsconfig/node10" "^1.0.7"
    "@tsconfig/node12" "^1.0.7"
    "@tsconfig/node14" "^1.0.0"
    "@tsconfig/node16" "^1.0.2"
    acorn "^8.4.1"
    acorn-walk "^8.1.1"
    arg "^4.1.0"
    create-require "^1.1.0"
    diff "^4.0.1"
    make-error "^1.1.1"
    yn "3.1.1"

tsscmp@1.0.6:
  version "1.0.6"
  resolved "https://artifactory-prd.jbhunt.com:8081/artifactory/api/npm/npm-repos/tsscmp/-/tsscmp-1.0.6.tgz#85b99583ac3589ec4bfef825b5000aa911d605eb"
  integrity sha1-hbmVg6w1iexL/vgltQAKqRHWBes=

type-is@^1.6.14, type-is@^1.6.16:
  version "1.6.18"
  resolved "https://artifactory-prd.jbhunt.com:8081/artifactory/api/npm/npm-repos/type-is/-/type-is-1.6.18.tgz#4e552cd05df09467dcbc4ef739de89f2cf37c131"
  integrity sha1-TlUs0F3wlGfcvE73Od6J8s83wTE=
  dependencies:
    media-typer "0.3.0"
    mime-types "~2.1.24"

typescript@^4.8.4:
  version "4.8.4"
  resolved "https://registry.yarnpkg.com/typescript/-/typescript-4.8.4.tgz#c464abca159669597be5f96b8943500b238e60e6"
  integrity sha512-QCh+85mCy+h0IGff8r5XWzOVSbBO+KfeYrMQh7NJ58QujwcE22u+NUSmUxqF+un70P9GXKxa2HCNiTTMJknyjQ==

universalify@^2.0.0:
  version "2.0.0"
  resolved "https://artifactory-prd.jbhunt.com:8081/artifactory/api/npm/npm-repos/universalify/-/universalify-2.0.0.tgz#75a4984efedc4b08975c5aeb73f530d02df25717"
  integrity sha1-daSYTv7cSwiXXFrrc/Uw0C3yVxc=

unpipe@1.0.0:
  version "1.0.0"
  resolved "https://artifactory-prd.jbhunt.com:8081/artifactory/api/npm/npm-repos/unpipe/-/unpipe-1.0.0.tgz#b2bf4ee8514aae6165b4817829d21b2ef49904ec"
  integrity sha1-sr9O6FFKrmFltIF4KdIbLvSZBOw=

uuid@^3.0.0:
  version "3.4.0"
  resolved "https://artifactory-prd.jbhunt.com:8081/artifactory/api/npm/npm-repos/uuid/-/uuid-3.4.0.tgz#b23e4358afa8a202fe7a100af1f5f883f02007ee"
  integrity sha1-sj5DWK+oogL+ehAK8fX4g/AgB+4=

vary@^1.1.2:
  version "1.1.2"
  resolved "https://artifactory-prd.jbhunt.com:8081/artifactory/api/npm/npm-repos/vary/-/vary-1.1.2.tgz#2299f02c6ded30d4a5961b0b9f74524a18f634fc"
  integrity sha1-IpnwLG3tMNSllhsLn3RSShj2NPw=

webidl-conversions@^7.0.0:
  version "7.0.0"
  resolved "https://artifactory-prd.jbhunt.com:8081/artifactory/api/npm/npm-repos/webidl-conversions/-/webidl-conversions-7.0.0.tgz#256b4e1882be7debbf01d05f0aa2039778ea080a"
  integrity sha1-JWtOGIK+feu/AdBfCqIDl3jqCAo=

whatwg-url@^11.0.0:
  version "11.0.0"
  resolved "https://artifactory-prd.jbhunt.com:8081/artifactory/api/npm/npm-repos/whatwg-url/-/whatwg-url-11.0.0.tgz#0a849eebb5faf2119b901bb76fd795c2848d4018"
  integrity sha1-CoSe67X68hGbkBu3b9eVwoSNQBg=
  dependencies:
    tr46 "^3.0.0"
    webidl-conversions "^7.0.0"

wrappy@1:
  version "1.0.2"
  resolved "https://artifactory-prd.jbhunt.com:8081/artifactory/api/npm/npm-repos/wrappy/-/wrappy-1.0.2.tgz#b5243d8f3ec1aa35f1364605bc0d1036e30ab69f"
  integrity sha1-tSQ9jz7BqjXxNkYFvA0QNuMKtp8=

ylru@^1.2.0:
  version "1.2.1"
  resolved "https://artifactory-prd.jbhunt.com:8081/artifactory/api/npm/npm-repos/ylru/-/ylru-1.2.1.tgz#f576b63341547989c1de7ba288760923b27fe84f"
  integrity sha1-9Xa2M0FUeYnB3nuiiHYJI7J/6E8=

yn@3.1.1:
  version "3.1.1"
  resolved "https://artifactory-prd.jbhunt.com:8081/artifactory/api/npm/npm-repos/yn/-/yn-3.1.1.tgz#1e87401a09d767c1d5eab26a6e4c185182d2eb50"
  integrity sha1-HodAGgnXZ8HV6rJqbkwYUYLS61A=
